
Microsoft Visual Studio Solution File, Format Version 12.00
# Visual Studio Express 2013 for Windows Desktop
VisualStudioVersion = 12.0.21005.1
MinimumVisualStudioVersion = 10.0.40219.1
Project("{FAE04EC0-301F-11D3-BF4B-00C04F79EFBC}") = "RiskOfPain", "RiskOfPain\RiskOfPain\RiskOfPain.csproj", "{A9942938-8752-4BF7-A096-191373007D29}"
EndProject
Project("{96E2B04D-8817-42C6-938A-82C39BA4D311}") = "RiskOfPainContent", "RiskOfPain\RiskOfPainContent\RiskOfPainContent.contentproj", "{97F1FFD4-437F-460E-BFDF-5087FDBB228B}"
EndProject
Global
	GlobalSection(SolutionConfigurationPlatforms) = preSolution
		Debug|x86 = Debug|x86
		Release|x86 = Release|x86
	EndGlobalSection
	GlobalSection(ProjectConfigurationPlatforms) = postSolution
		{A9942938-8752-4BF7-A096-191373007D29}.Debug|x86.ActiveCfg = Debug|x86
		{A9942938-8752-4BF7-A096-191373007D29}.Debug|x86.Build.0 = Debug|x86
		{A9942938-8752-4BF7-A096-191373007D29}.Release|x86.ActiveCfg = Release|x86
		{A9942938-8752-4BF7-A096-191373007D29}.Release|x86.Build.0 = Release|x86
		{97F1FFD4-437F-460E-BFDF-5087FDBB228B}.Debug|x86.ActiveCfg = Debug|x86
		{97F1FFD4-437F-460E-BFDF-5087FDBB228B}.Release|x86.ActiveCfg = Release|x86
	EndGlobalSection
	GlobalSection(SolutionProperties) = preSolution
		HideSolutionNode = FALSE
	EndGlobalSection
EndGlobal
